
Microsoft Visual Studio Solution File, Format Version 12.00
# Visual Studio Version 17
VisualStudioVersion = 17.7.34221.43
MinimumVisualStudioVersion = 10.0.40219.1
Project("{FAE04EC0-301F-11D3-BF4B-00C04F79EFBC}") = "SamiFitnessBL", "SamiFitnessBL\SamiFitnessBL.csproj", "{0CD31AE0-5BFF-43AB-B26E-51BA3AABEE40}"
EndProject
Project("{FAE04EC0-301F-11D3-BF4B-00C04F79EFBC}") = "SamiFitnessCMD", "SamiFitnessCMD\SamiFitnessCMD.csproj", "{FB40F96F-0E69-4A76-85D6-2996E6006A25}"
EndProject
Project("{FAE04EC0-301F-11D3-BF4B-00C04F79EFBC}") = "SamiFitnessBLTests", "SamiFitnessBLTests\SamiFitnessBLTests.csproj", "{5762D958-E7C5-4418-A614-201B4482C157}"
EndProject
Global
	GlobalSection(SolutionConfigurationPlatforms) = preSolution
		Debug|Any CPU = Debug|Any CPU
		Release|Any CPU = Release|Any CPU
	EndGlobalSection
	GlobalSection(ProjectConfigurationPlatforms) = postSolution
		{0CD31AE0-5BFF-43AB-B26E-51BA3AABEE40}.Debug|Any CPU.ActiveCfg = Debug|Any CPU
		{0CD31AE0-5BFF-43AB-B26E-51BA3AABEE40}.Debug|Any CPU.Build.0 = Debug|Any CPU
		{0CD31AE0-5BFF-43AB-B26E-51BA3AABEE40}.Release|Any CPU.ActiveCfg = Release|Any CPU
		{0CD31AE0-5BFF-43AB-B26E-51BA3AABEE40}.Release|Any CPU.Build.0 = Release|Any CPU
		{FB40F96F-0E69-4A76-85D6-2996E6006A25}.Debug|Any CPU.ActiveCfg = Debug|Any CPU
		{FB40F96F-0E69-4A76-85D6-2996E6006A25}.Debug|Any CPU.Build.0 = Debug|Any CPU
		{FB40F96F-0E69-4A76-85D6-2996E6006A25}.Release|Any CPU.ActiveCfg = Release|Any CPU
		{FB40F96F-0E69-4A76-85D6-2996E6006A25}.Release|Any CPU.Build.0 = Release|Any CPU
		{5762D958-E7C5-4418-A614-201B4482C157}.Debug|Any CPU.ActiveCfg = Debug|Any CPU
		{5762D958-E7C5-4418-A614-201B4482C157}.Debug|Any CPU.Build.0 = Debug|Any CPU
		{5762D958-E7C5-4418-A614-201B4482C157}.Release|Any CPU.ActiveCfg = Release|Any CPU
		{5762D958-E7C5-4418-A614-201B4482C157}.Release|Any CPU.Build.0 = Release|Any CPU
	EndGlobalSection
	GlobalSection(SolutionProperties) = preSolution
		HideSolutionNode = FALSE
	EndGlobalSection
	GlobalSection(ExtensibilityGlobals) = postSolution
		SolutionGuid = {F08A89CF-49BD-488F-AE22-B8D8975A41B7}
	EndGlobalSection
EndGlobal
